
Microsoft Visual Studio Solution File, Format Version 12.00
Project("{FAE04EC0-301F-11D3-BF4B-00C04F79EFBC}") = "OpenToolSDK.DotNet", "OpenToolSDK.DotNet\OpenToolSDK.DotNet.csproj", "{462859A2-8560-4267-85DC-964267239FF6}"
EndProject
Project("{FAE04EC0-301F-11D3-BF4B-00C04F79EFBC}") = "OpenToolSDK.Example", "OpenToolSDK.Example\OpenToolSDK.Example.csproj", "{651909AF-D0BE-4335-9905-9DDE898452B1}"
EndProject
Global
	GlobalSection(SolutionConfigurationPlatforms) = preSolution
		Debug|Any CPU = Debug|Any CPU
		Release|Any CPU = Release|Any CPU
	EndGlobalSection
	GlobalSection(ProjectConfigurationPlatforms) = postSolution
		{462859A2-8560-4267-85DC-964267239FF6}.Debug|Any CPU.ActiveCfg = Debug|Any CPU
		{462859A2-8560-4267-85DC-964267239FF6}.Debug|Any CPU.Build.0 = Debug|Any CPU
		{462859A2-8560-4267-85DC-964267239FF6}.Release|Any CPU.ActiveCfg = Release|Any CPU
		{462859A2-8560-4267-85DC-964267239FF6}.Release|Any CPU.Build.0 = Release|Any CPU
		{651909AF-D0BE-4335-9905-9DDE898452B1}.Debug|Any CPU.ActiveCfg = Debug|Any CPU
		{651909AF-D0BE-4335-9905-9DDE898452B1}.Debug|Any CPU.Build.0 = Debug|Any CPU
		{651909AF-D0BE-4335-9905-9DDE898452B1}.Release|Any CPU.ActiveCfg = Release|Any CPU
		{651909AF-D0BE-4335-9905-9DDE898452B1}.Release|Any CPU.Build.0 = Release|Any CPU
	EndGlobalSection
EndGlobal
